
Microsoft Visual Studio Solution File, Format Version 12.00
# Visual Studio Version 17
VisualStudioVersion = 17.13.35913.81
MinimumVisualStudioVersion = 10.0.40219.1
Project("{FAE04EC0-301F-11D3-BF4B-00C04F79EFBC}") = "AuthenticationApi.Domain", "AuthenticationApi.Domain\AuthenticationApi.Domain.csproj", "{369896F3-8206-4BF9-9F45-89FB0379FE4A}"
EndProject
Project("{FAE04EC0-301F-11D3-BF4B-00C04F79EFBC}") = "AuthenticationApi.Application", "AuthenticationApi.Application\AuthenticationApi.Application.csproj", "{341980A7-FDDE-4EE5-A27F-85914A66D900}"
EndProject
Project("{FAE04EC0-301F-11D3-BF4B-00C04F79EFBC}") = "AuthenticationApi.Infrastructure", "AutthenticationApi.Infrastructure\AuthenticationApi.Infrastructure.csproj", "{D5B7F23A-CC04-4D9C-AB57-D325257FFBA4}"
EndProject
Project("{FAE04EC0-301F-11D3-BF4B-00C04F79EFBC}") = "AuthenticationApi.Presentation", "AuthenticationApi.Presentation\AuthenticationApi.Presentation.csproj", "{236B41C4-FC69-42BA-8811-8385C838B92C}"
EndProject
Project("{FAE04EC0-301F-11D3-BF4B-00C04F79EFBC}") = "ECommmerce.SharedLibrary", "DemoECommerce.SharedLibrarySolution\ECommmerce.SharedLibrary\ECommmerce.SharedLibrary.csproj", "{5787FD36-6D87-E96F-45A7-B4F16DEBFDF1}"
EndProject
Global
	GlobalSection(SolutionConfigurationPlatforms) = preSolution
		Debug|Any CPU = Debug|Any CPU
		Release|Any CPU = Release|Any CPU
	EndGlobalSection
	GlobalSection(ProjectConfigurationPlatforms) = postSolution
		{369896F3-8206-4BF9-9F45-89FB0379FE4A}.Debug|Any CPU.ActiveCfg = Debug|Any CPU
		{369896F3-8206-4BF9-9F45-89FB0379FE4A}.Debug|Any CPU.Build.0 = Debug|Any CPU
		{369896F3-8206-4BF9-9F45-89FB0379FE4A}.Release|Any CPU.ActiveCfg = Release|Any CPU
		{369896F3-8206-4BF9-9F45-89FB0379FE4A}.Release|Any CPU.Build.0 = Release|Any CPU
		{341980A7-FDDE-4EE5-A27F-85914A66D900}.Debug|Any CPU.ActiveCfg = Debug|Any CPU
		{341980A7-FDDE-4EE5-A27F-85914A66D900}.Debug|Any CPU.Build.0 = Debug|Any CPU
		{341980A7-FDDE-4EE5-A27F-85914A66D900}.Release|Any CPU.ActiveCfg = Release|Any CPU
		{341980A7-FDDE-4EE5-A27F-85914A66D900}.Release|Any CPU.Build.0 = Release|Any CPU
		{D5B7F23A-CC04-4D9C-AB57-D325257FFBA4}.Debug|Any CPU.ActiveCfg = Debug|Any CPU
		{D5B7F23A-CC04-4D9C-AB57-D325257FFBA4}.Debug|Any CPU.Build.0 = Debug|Any CPU
		{D5B7F23A-CC04-4D9C-AB57-D325257FFBA4}.Release|Any CPU.ActiveCfg = Release|Any CPU
		{D5B7F23A-CC04-4D9C-AB57-D325257FFBA4}.Release|Any CPU.Build.0 = Release|Any CPU
		{236B41C4-FC69-42BA-8811-8385C838B92C}.Debug|Any CPU.ActiveCfg = Debug|Any CPU
		{236B41C4-FC69-42BA-8811-8385C838B92C}.Debug|Any CPU.Build.0 = Debug|Any CPU
		{236B41C4-FC69-42BA-8811-8385C838B92C}.Release|Any CPU.ActiveCfg = Release|Any CPU
		{236B41C4-FC69-42BA-8811-8385C838B92C}.Release|Any CPU.Build.0 = Release|Any CPU
		{5787FD36-6D87-E96F-45A7-B4F16DEBFDF1}.Debug|Any CPU.ActiveCfg = Debug|Any CPU
		{5787FD36-6D87-E96F-45A7-B4F16DEBFDF1}.Debug|Any CPU.Build.0 = Debug|Any CPU
		{5787FD36-6D87-E96F-45A7-B4F16DEBFDF1}.Release|Any CPU.ActiveCfg = Release|Any CPU
		{5787FD36-6D87-E96F-45A7-B4F16DEBFDF1}.Release|Any CPU.Build.0 = Release|Any CPU
	EndGlobalSection
	GlobalSection(SolutionProperties) = preSolution
		HideSolutionNode = FALSE
	EndGlobalSection
	GlobalSection(ExtensibilityGlobals) = postSolution
		SolutionGuid = {75FB3216-3F6A-48E4-8762-D0FA2E8E1BB3}
	EndGlobalSection
EndGlobal
